
Microsoft Visual Studio Solution File, Format Version 12.00
# Visual Studio 14
VisualStudioVersion = 14.0.25420.1
MinimumVisualStudioVersion = 10.0.40219.1
Project("{FAE04EC0-301F-11D3-BF4B-00C04F79EFBC}") = "TestGrid.Droid", "TestGrid\TestGrid.Droid\TestGrid.Droid.csproj", "{94FDCC18-0FAA-4D4C-938E-D886A402E25E}"
EndProject
Project("{FAE04EC0-301F-11D3-BF4B-00C04F79EFBC}") = "TestGrid.iOS", "TestGrid\TestGrid.iOS\TestGrid.iOS.csproj", "{E7117BB1-55DD-470F-867E-4DAEA93332E9}"
EndProject
Project("{FAE04EC0-301F-11D3-BF4B-00C04F79EFBC}") = "TestGrid.WinPhone", "TestGrid\TestGrid.WinPhone\TestGrid.WinPhone.csproj", "{79012CCF-BE2F-4A91-922D-FF67B52A86AA}"
EndProject
Project("{FAE04EC0-301F-11D3-BF4B-00C04F79EFBC}") = "TestGrid.UWP", "TestGrid\TestGrid.UWP\TestGrid.UWP.csproj", "{16D6CED7-DB47-4FD4-BAE6-B218F4B31479}"
EndProject
Project("{FAE04EC0-301F-11D3-BF4B-00C04F79EFBC}") = "TestGrid.Windows", "TestGrid\TestGrid.Windows\TestGrid.Windows.csproj", "{35704E4F-72C9-40DE-AFDC-07C6611FC67D}"
EndProject
Project("{FAE04EC0-301F-11D3-BF4B-00C04F79EFBC}") = "TestGrid", "TestGrid\TestGrid\TestGrid.csproj", "{F815C932-B2DD-4134-8648-67C3F79E3075}"
EndProject
Global
	GlobalSection(SolutionConfigurationPlatforms) = preSolution
		Ad-Hoc|Any CPU = Ad-Hoc|Any CPU
		Ad-Hoc|ARM = Ad-Hoc|ARM
		Ad-Hoc|iPhone = Ad-Hoc|iPhone
		Ad-Hoc|iPhoneSimulator = Ad-Hoc|iPhoneSimulator
		Ad-Hoc|x64 = Ad-Hoc|x64
		Ad-Hoc|x86 = Ad-Hoc|x86
		AppStore|Any CPU = AppStore|Any CPU
		AppStore|ARM = AppStore|ARM
		AppStore|iPhone = AppStore|iPhone
		AppStore|iPhoneSimulator = AppStore|iPhoneSimulator
		AppStore|x64 = AppStore|x64
		AppStore|x86 = AppStore|x86
		Debug|Any CPU = Debug|Any CPU
		Debug|ARM = Debug|ARM
		Debug|iPhone = Debug|iPhone
		Debug|iPhoneSimulator = Debug|iPhoneSimulator
		Debug|x64 = Debug|x64
		Debug|x86 = Debug|x86
		Release|Any CPU = Release|Any CPU
		Release|ARM = Release|ARM
		Release|iPhone = Release|iPhone
		Release|iPhoneSimulator = Release|iPhoneSimulator
		Release|x64 = Release|x64
		Release|x86 = Release|x86
	EndGlobalSection
	GlobalSection(ProjectConfigurationPlatforms) = postSolution
		{94FDCC18-0FAA-4D4C-938E-D886A402E25E}.Ad-Hoc|Any CPU.ActiveCfg = Release|Any CPU
		{94FDCC18-0FAA-4D4C-938E-D886A402E25E}.Ad-Hoc|Any CPU.Build.0 = Release|Any CPU
		{94FDCC18-0FAA-4D4C-938E-D886A402E25E}.Ad-Hoc|Any CPU.Deploy.0 = Release|Any CPU
		{94FDCC18-0FAA-4D4C-938E-D886A402E25E}.Ad-Hoc|ARM.ActiveCfg = Release|Any CPU
		{94FDCC18-0FAA-4D4C-938E-D886A402E25E}.Ad-Hoc|ARM.Build.0 = Release|Any CPU
		{94FDCC18-0FAA-4D4C-938E-D886A402E25E}.Ad-Hoc|ARM.Deploy.0 = Release|Any CPU
		{94FDCC18-0FAA-4D4C-938E-D886A402E25E}.Ad-Hoc|iPhone.ActiveCfg = Release|Any CPU
		{94FDCC18-0FAA-4D4C-938E-D886A402E25E}.Ad-Hoc|iPhone.Build.0 = Release|Any CPU
		{94FDCC18-0FAA-4D4C-938E-D886A402E25E}.Ad-Hoc|iPhone.Deploy.0 = Release|Any CPU
		{94FDCC18-0FAA-4D4C-938E-D886A402E25E}.Ad-Hoc|iPhoneSimulator.ActiveCfg = Release|Any CPU
		{94FDCC18-0FAA-4D4C-938E-D886A402E25E}.Ad-Hoc|iPhoneSimulator.Build.0 = Release|Any CPU
		{94FDCC18-0FAA-4D4C-938E-D886A402E25E}.Ad-Hoc|iPhoneSimulator.Deploy.0 = Release|Any CPU
		{94FDCC18-0FAA-4D4C-938E-D886A402E25E}.Ad-Hoc|x64.ActiveCfg = Release|Any CPU
		{94FDCC18-0FAA-4D4C-938E-D886A402E25E}.Ad-Hoc|x64.Build.0 = Release|Any CPU
		{94FDCC18-0FAA-4D4C-938E-D886A402E25E}.Ad-Hoc|x64.Deploy.0 = Release|Any CPU
		{94FDCC18-0FAA-4D4C-938E-D886A402E25E}.Ad-Hoc|x86.ActiveCfg = Release|Any CPU
		{94FDCC18-0FAA-4D4C-938E-D886A402E25E}.Ad-Hoc|x86.Build.0 = Release|Any CPU
		{94FDCC18-0FAA-4D4C-938E-D886A402E25E}.Ad-Hoc|x86.Deploy.0 = Release|Any CPU
		{94FDCC18-0FAA-4D4C-938E-D886A402E25E}.AppStore|Any CPU.ActiveCfg = Release|Any CPU
		{94FDCC18-0FAA-4D4C-938E-D886A402E25E}.AppStore|Any CPU.Build.0 = Release|Any CPU
		{94FDCC18-0FAA-4D4C-938E-D886A402E25E}.AppStore|Any CPU.Deploy.0 = Release|Any CPU
		{94FDCC18-0FAA-4D4C-938E-D886A402E25E}.AppStore|ARM.ActiveCfg = Release|Any CPU
		{94FDCC18-0FAA-4D4C-938E-D886A402E25E}.AppStore|ARM.Build.0 = Release|Any CPU
		{94FDCC18-0FAA-4D4C-938E-D886A402E25E}.AppStore|ARM.Deploy.0 = Release|Any CPU
		{94FDCC18-0FAA-4D4C-938E-D886A402E25E}.AppStore|iPhone.ActiveCfg = Release|Any CPU
		{94FDCC18-0FAA-4D4C-938E-D886A402E25E}.AppStore|iPhone.Build.0 = Release|Any CPU
		{94FDCC18-0FAA-4D4C-938E-D886A402E25E}.AppStore|iPhone.Deploy.0 = Release|Any CPU
		{94FDCC18-0FAA-4D4C-938E-D886A402E25E}.AppStore|iPhoneSimulator.ActiveCfg = Release|Any CPU
		{94FDCC18-0FAA-4D4C-938E-D886A402E25E}.AppStore|iPhoneSimulator.Build.0 = Release|Any CPU
		{94FDCC18-0FAA-4D4C-938E-D886A402E25E}.AppStore|iPhoneSimulator.Deploy.0 = Release|Any CPU
		{94FDCC18-0FAA-4D4C-938E-D886A402E25E}.AppStore|x64.ActiveCfg = Release|Any CPU
		{94FDCC18-0FAA-4D4C-938E-D886A402E25E}.AppStore|x64.Build.0 = Release|Any CPU
		{94FDCC18-0FAA-4D4C-938E-D886A402E25E}.AppStore|x64.Deploy.0 = Release|Any CPU
		{94FDCC18-0FAA-4D4C-938E-D886A402E25E}.AppStore|x86.ActiveCfg = Release|Any CPU
		{94FDCC18-0FAA-4D4C-938E-D886A402E25E}.AppStore|x86.Build.0 = Release|Any CPU
		{94FDCC18-0FAA-4D4C-938E-D886A402E25E}.AppStore|x86.Deploy.0 = Release|Any CPU
		{94FDCC18-0FAA-4D4C-938E-D886A402E25E}.Debug|Any CPU.ActiveCfg = Debug|Any CPU
		{94FDCC18-0FAA-4D4C-938E-D886A402E25E}.Debug|Any CPU.Build.0 = Debug|Any CPU
		{94FDCC18-0FAA-4D4C-938E-D886A402E25E}.Debug|Any CPU.Deploy.0 = Debug|Any CPU
		{94FDCC18-0FAA-4D4C-938E-D886A402E25E}.Debug|ARM.ActiveCfg = Debug|Any CPU
		{94FDCC18-0FAA-4D4C-938E-D886A402E25E}.Debug|ARM.Build.0 = Debug|Any CPU
		{94FDCC18-0FAA-4D4C-938E-D886A402E25E}.Debug|ARM.Deploy.0 = Debug|Any CPU
		{94FDCC18-0FAA-4D4C-938E-D886A402E25E}.Debug|iPhone.ActiveCfg = Debug|Any CPU
		{94FDCC18-0FAA-4D4C-938E-D886A402E25E}.Debug|iPhone.Build.0 = Debug|Any CPU
		{94FDCC18-0FAA-4D4C-938E-D886A402E25E}.Debug|iPhone.Deploy.0 = Debug|Any CPU
		{94FDCC18-0FAA-4D4C-938E-D886A402E25E}.Debug|iPhoneSimulator.ActiveCfg = Debug|Any CPU
		{94FDCC18-0FAA-4D4C-938E-D886A402E25E}.Debug|iPhoneSimulator.Build.0 = Debug|Any CPU
		{94FDCC18-0FAA-4D4C-938E-D886A402E25E}.Debug|iPhoneSimulator.Deploy.0 = Debug|Any CPU
		{94FDCC18-0FAA-4D4C-938E-D886A402E25E}.Debug|x64.ActiveCfg = Debug|Any CPU
		{94FDCC18-0FAA-4D4C-938E-D886A402E25E}.Debug|x64.Build.0 = Debug|Any CPU
		{94FDCC18-0FAA-4D4C-938E-D886A402E25E}.Debug|x64.Deploy.0 = Debug|Any CPU
		{94FDCC18-0FAA-4D4C-938E-D886A402E25E}.Debug|x86.ActiveCfg = Debug|Any CPU
		{94FDCC18-0FAA-4D4C-938E-D886A402E25E}.Debug|x86.Build.0 = Debug|Any CPU
		{94FDCC18-0FAA-4D4C-938E-D886A402E25E}.Debug|x86.Deploy.0 = Debug|Any CPU
		{94FDCC18-0FAA-4D4C-938E-D886A402E25E}.Release|Any CPU.ActiveCfg = Release|Any CPU
		{94FDCC18-0FAA-4D4C-938E-D886A402E25E}.Release|Any CPU.Build.0 = Release|Any CPU
		{94FDCC18-0FAA-4D4C-938E-D886A402E25E}.Release|Any CPU.Deploy.0 = Release|Any CPU
		{94FDCC18-0FAA-4D4C-938E-D886A402E25E}.Release|ARM.ActiveCfg = Release|Any CPU
		{94FDCC18-0FAA-4D4C-938E-D886A402E25E}.Release|ARM.Build.0 = Release|Any CPU
		{94FDCC18-0FAA-4D4C-938E-D886A402E25E}.Release|ARM.Deploy.0 = Release|Any CPU
		{94FDCC18-0FAA-4D4C-938E-D886A402E25E}.Release|iPhone.ActiveCfg = Release|Any CPU
		{94FDCC18-0FAA-4D4C-938E-D886A402E25E}.Release|iPhone.Build.0 = Release|Any CPU
		{94FDCC18-0FAA-4D4C-938E-D886A402E25E}.Release|iPhone.Deploy.0 = Release|Any CPU
		{94FDCC18-0FAA-4D4C-938E-D886A402E25E}.Release|iPhoneSimulator.ActiveCfg = Release|Any CPU
		{94FDCC18-0FAA-4D4C-938E-D886A402E25E}.Release|iPhoneSimulator.Build.0 = Release|Any CPU
		{94FDCC18-0FAA-4D4C-938E-D886A402E25E}.Release|iPhoneSimulator.Deploy.0 = Release|Any CPU
		{94FDCC18-0FAA-4D4C-938E-D886A402E25E}.Release|x64.ActiveCfg = Release|Any CPU
		{94FDCC18-0FAA-4D4C-938E-D886A402E25E}.Release|x64.Build.0 = Release|Any CPU
		{94FDCC18-0FAA-4D4C-938E-D886A402E25E}.Release|x64.Deploy.0 = Release|Any CPU
		{94FDCC18-0FAA-4D4C-938E-D886A402E25E}.Release|x86.ActiveCfg = Release|Any CPU
		{94FDCC18-0FAA-4D4C-938E-D886A402E25E}.Release|x86.Build.0 = Release|Any CPU
		{94FDCC18-0FAA-4D4C-938E-D886A402E25E}.Release|x86.Deploy.0 = Release|Any CPU
		{E7117BB1-55DD-470F-867E-4DAEA93332E9}.Ad-Hoc|Any CPU.ActiveCfg = Ad-Hoc|iPhone
		{E7117BB1-55DD-470F-867E-4DAEA93332E9}.Ad-Hoc|ARM.ActiveCfg = Ad-Hoc|iPhone
		{E7117BB1-55DD-470F-867E-4DAEA93332E9}.Ad-Hoc|iPhone.ActiveCfg = Ad-Hoc|iPhone
		{E7117BB1-55DD-470F-867E-4DAEA93332E9}.Ad-Hoc|iPhone.Build.0 = Ad-Hoc|iPhone
		{E7117BB1-55DD-470F-867E-4DAEA93332E9}.Ad-Hoc|iPhoneSimulator.ActiveCfg = Ad-Hoc|iPhoneSimulator
		{E7117BB1-55DD-470F-867E-4DAEA93332E9}.Ad-Hoc|iPhoneSimulator.Build.0 = Ad-Hoc|iPhoneSimulator
		{E7117BB1-55DD-470F-867E-4DAEA93332E9}.Ad-Hoc|x64.ActiveCfg = Ad-Hoc|iPhone
		{E7117BB1-55DD-470F-867E-4DAEA93332E9}.Ad-Hoc|x86.ActiveCfg = Ad-Hoc|iPhone
		{E7117BB1-55DD-470F-867E-4DAEA93332E9}.AppStore|Any CPU.ActiveCfg = AppStore|iPhone
		{E7117BB1-55DD-470F-867E-4DAEA93332E9}.AppStore|ARM.ActiveCfg = AppStore|iPhone
		{E7117BB1-55DD-470F-867E-4DAEA93332E9}.AppStore|iPhone.ActiveCfg = AppStore|iPhone
		{E7117BB1-55DD-470F-867E-4DAEA93332E9}.AppStore|iPhone.Build.0 = AppStore|iPhone
		{E7117BB1-55DD-470F-867E-4DAEA93332E9}.AppStore|iPhoneSimulator.ActiveCfg = AppStore|iPhoneSimulator
		{E7117BB1-55DD-470F-867E-4DAEA93332E9}.AppStore|iPhoneSimulator.Build.0 = AppStore|iPhoneSimulator
		{E7117BB1-55DD-470F-867E-4DAEA93332E9}.AppStore|x64.ActiveCfg = AppStore|iPhone
		{E7117BB1-55DD-470F-867E-4DAEA93332E9}.AppStore|x86.ActiveCfg = AppStore|iPhone
		{E7117BB1-55DD-470F-867E-4DAEA93332E9}.Debug|Any CPU.ActiveCfg = Debug|iPhone
		{E7117BB1-55DD-470F-867E-4DAEA93332E9}.Debug|ARM.ActiveCfg = Debug|iPhone
		{E7117BB1-55DD-470F-867E-4DAEA93332E9}.Debug|iPhone.ActiveCfg = Debug|iPhone
		{E7117BB1-55DD-470F-867E-4DAEA93332E9}.Debug|iPhone.Build.0 = Debug|iPhone
		{E7117BB1-55DD-470F-867E-4DAEA93332E9}.Debug|iPhoneSimulator.ActiveCfg = Debug|iPhoneSimulator
		{E7117BB1-55DD-470F-867E-4DAEA93332E9}.Debug|iPhoneSimulator.Build.0 = Debug|iPhoneSimulator
		{E7117BB1-55DD-470F-867E-4DAEA93332E9}.Debug|x64.ActiveCfg = Debug|iPhone
		{E7117BB1-55DD-470F-867E-4DAEA93332E9}.Debug|x86.ActiveCfg = Debug|iPhone
		{E7117BB1-55DD-470F-867E-4DAEA93332E9}.Release|Any CPU.ActiveCfg = Release|iPhone
		{E7117BB1-55DD-470F-867E-4DAEA93332E9}.Release|ARM.ActiveCfg = Release|iPhone
		{E7117BB1-55DD-470F-867E-4DAEA93332E9}.Release|iPhone.ActiveCfg = Release|iPhone
		{E7117BB1-55DD-470F-867E-4DAEA93332E9}.Release|iPhone.Build.0 = Release|iPhone
		{E7117BB1-55DD-470F-867E-4DAEA93332E9}.Release|iPhoneSimulator.ActiveCfg = Release|iPhoneSimulator
		{E7117BB1-55DD-470F-867E-4DAEA93332E9}.Release|iPhoneSimulator.Build.0 = Release|iPhoneSimulator
		{E7117BB1-55DD-470F-867E-4DAEA93332E9}.Release|x64.ActiveCfg = Release|iPhone
		{E7117BB1-55DD-470F-867E-4DAEA93332E9}.Release|x86.ActiveCfg = Release|iPhone
		{79012CCF-BE2F-4A91-922D-FF67B52A86AA}.Ad-Hoc|Any CPU.ActiveCfg = Release|Any CPU
		{79012CCF-BE2F-4A91-922D-FF67B52A86AA}.Ad-Hoc|Any CPU.Build.0 = Release|Any CPU
		{79012CCF-BE2F-4A91-922D-FF67B52A86AA}.Ad-Hoc|Any CPU.Deploy.0 = Release|Any CPU
		{79012CCF-BE2F-4A91-922D-FF67B52A86AA}.Ad-Hoc|ARM.ActiveCfg = Release|ARM
		{79012CCF-BE2F-4A91-922D-FF67B52A86AA}.Ad-Hoc|ARM.Build.0 = Release|ARM
		{79012CCF-BE2F-4A91-922D-FF67B52A86AA}.Ad-Hoc|ARM.Deploy.0 = Release|ARM
		{79012CCF-BE2F-4A91-922D-FF67B52A86AA}.Ad-Hoc|iPhone.ActiveCfg = Release|Any CPU
		{79012CCF-BE2F-4A91-922D-FF67B52A86AA}.Ad-Hoc|iPhone.Build.0 = Release|Any CPU
		{79012CCF-BE2F-4A91-922D-FF67B52A86AA}.Ad-Hoc|iPhone.Deploy.0 = Release|Any CPU
		{79012CCF-BE2F-4A91-922D-FF67B52A86AA}.Ad-Hoc|iPhoneSimulator.ActiveCfg = Release|Any CPU
		{79012CCF-BE2F-4A91-922D-FF67B52A86AA}.Ad-Hoc|iPhoneSimulator.Build.0 = Release|Any CPU
		{79012CCF-BE2F-4A91-922D-FF67B52A86AA}.Ad-Hoc|iPhoneSimulator.Deploy.0 = Release|Any CPU
		{79012CCF-BE2F-4A91-922D-FF67B52A86AA}.Ad-Hoc|x64.ActiveCfg = Release|Any CPU
		{79012CCF-BE2F-4A91-922D-FF67B52A86AA}.Ad-Hoc|x64.Build.0 = Release|Any CPU
		{79012CCF-BE2F-4A91-922D-FF67B52A86AA}.Ad-Hoc|x64.Deploy.0 = Release|Any CPU
		{79012CCF-BE2F-4A91-922D-FF67B52A86AA}.Ad-Hoc|x86.ActiveCfg = Release|x86
		{79012CCF-BE2F-4A91-922D-FF67B52A86AA}.Ad-Hoc|x86.Build.0 = Release|x86
		{79012CCF-BE2F-4A91-922D-FF67B52A86AA}.Ad-Hoc|x86.Deploy.0 = Release|x86
		{79012CCF-BE2F-4A91-922D-FF67B52A86AA}.AppStore|Any CPU.ActiveCfg = Release|Any CPU
		{79012CCF-BE2F-4A91-922D-FF67B52A86AA}.AppStore|Any CPU.Build.0 = Release|Any CPU
		{79012CCF-BE2F-4A91-922D-FF67B52A86AA}.AppStore|Any CPU.Deploy.0 = Release|Any CPU
		{79012CCF-BE2F-4A91-922D-FF67B52A86AA}.AppStore|ARM.ActiveCfg = Release|ARM
		{79012CCF-BE2F-4A91-922D-FF67B52A86AA}.AppStore|ARM.Build.0 = Release|ARM
		{79012CCF-BE2F-4A91-922D-FF67B52A86AA}.AppStore|ARM.Deploy.0 = Release|ARM
		{79012CCF-BE2F-4A91-922D-FF67B52A86AA}.AppStore|iPhone.ActiveCfg = Release|Any CPU
		{79012CCF-BE2F-4A91-922D-FF67B52A86AA}.AppStore|iPhone.Build.0 = Release|Any CPU
		{79012CCF-BE2F-4A91-922D-FF67B52A86AA}.AppStore|iPhone.Deploy.0 = Release|Any CPU
		{79012CCF-BE2F-4A91-922D-FF67B52A86AA}.AppStore|iPhoneSimulator.ActiveCfg = Release|Any CPU
		{79012CCF-BE2F-4A91-922D-FF67B52A86AA}.AppStore|iPhoneSimulator.Build.0 = Release|Any CPU
		{79012CCF-BE2F-4A91-922D-FF67B52A86AA}.AppStore|iPhoneSimulator.Deploy.0 = Release|Any CPU
		{79012CCF-BE2F-4A91-922D-FF67B52A86AA}.AppStore|x64.ActiveCfg = Release|Any CPU
		{79012CCF-BE2F-4A91-922D-FF67B52A86AA}.AppStore|x64.Build.0 = Release|Any CPU
		{79012CCF-BE2F-4A91-922D-FF67B52A86AA}.AppStore|x64.Deploy.0 = Release|Any CPU
		{79012CCF-BE2F-4A91-922D-FF67B52A86AA}.AppStore|x86.ActiveCfg = Release|x86
		{79012CCF-BE2F-4A91-922D-FF67B52A86AA}.AppStore|x86.Build.0 = Release|x86
		{79012CCF-BE2F-4A91-922D-FF67B52A86AA}.AppStore|x86.Deploy.0 = Release|x86
		{79012CCF-BE2F-4A91-922D-FF67B52A86AA}.Debug|Any CPU.ActiveCfg = Debug|Any CPU
		{79012CCF-BE2F-4A91-922D-FF67B52A86AA}.Debug|Any CPU.Build.0 = Debug|Any CPU
		{79012CCF-BE2F-4A91-922D-FF67B52A86AA}.Debug|Any CPU.Deploy.0 = Debug|Any CPU
		{79012CCF-BE2F-4A91-922D-FF67B52A86AA}.Debug|ARM.ActiveCfg = Debug|ARM
		{79012CCF-BE2F-4A91-922D-FF67B52A86AA}.Debug|ARM.Build.0 = Debug|ARM
		{79012CCF-BE2F-4A91-922D-FF67B52A86AA}.Debug|ARM.Deploy.0 = Debug|ARM
		{79012CCF-BE2F-4A91-922D-FF67B52A86AA}.Debug|iPhone.ActiveCfg = Debug|Any CPU
		{79012CCF-BE2F-4A91-922D-FF67B52A86AA}.Debug|iPhone.Build.0 = Debug|Any CPU
		{79012CCF-BE2F-4A91-922D-FF67B52A86AA}.Debug|iPhone.Deploy.0 = Debug|Any CPU
		{79012CCF-BE2F-4A91-922D-FF67B52A86AA}.Debug|iPhoneSimulator.ActiveCfg = Debug|Any CPU
		{79012CCF-BE2F-4A91-922D-FF67B52A86AA}.Debug|iPhoneSimulator.Build.0 = Debug|Any CPU
		{79012CCF-BE2F-4A91-922D-FF67B52A86AA}.Debug|iPhoneSimulator.Deploy.0 = Debug|Any CPU
		{79012CCF-BE2F-4A91-922D-FF67B52A86AA}.Debug|x64.ActiveCfg = Debug|Any CPU
		{79012CCF-BE2F-4A91-922D-FF67B52A86AA}.Debug|x64.Build.0 = Debug|Any CPU
		{79012CCF-BE2F-4A91-922D-FF67B52A86AA}.Debug|x64.Deploy.0 = Debug|Any CPU
		{79012CCF-BE2F-4A91-922D-FF67B52A86AA}.Debug|x86.ActiveCfg = Debug|x86
		{79012CCF-BE2F-4A91-922D-FF67B52A86AA}.Debug|x86.Build.0 = Debug|x86
		{79012CCF-BE2F-4A91-922D-FF67B52A86AA}.Debug|x86.Deploy.0 = Debug|x86
		{79012CCF-BE2F-4A91-922D-FF67B52A86AA}.Release|Any CPU.ActiveCfg = Release|Any CPU
		{79012CCF-BE2F-4A91-922D-FF67B52A86AA}.Release|Any CPU.Build.0 = Release|Any CPU
		{79012CCF-BE2F-4A91-922D-FF67B52A86AA}.Release|Any CPU.Deploy.0 = Release|Any CPU
		{79012CCF-BE2F-4A91-922D-FF67B52A86AA}.Release|ARM.ActiveCfg = Release|ARM
		{79012CCF-BE2F-4A91-922D-FF67B52A86AA}.Release|ARM.Build.0 = Release|ARM
		{79012CCF-BE2F-4A91-922D-FF67B52A86AA}.Release|ARM.Deploy.0 = Release|ARM
		{79012CCF-BE2F-4A91-922D-FF67B52A86AA}.Release|iPhone.ActiveCfg = Release|Any CPU
		{79012CCF-BE2F-4A91-922D-FF67B52A86AA}.Release|iPhone.Build.0 = Release|Any CPU
		{79012CCF-BE2F-4A91-922D-FF67B52A86AA}.Release|iPhone.Deploy.0 = Release|Any CPU
		{79012CCF-BE2F-4A91-922D-FF67B52A86AA}.Release|iPhoneSimulator.ActiveCfg = Release|Any CPU
		{79012CCF-BE2F-4A91-922D-FF67B52A86AA}.Release|iPhoneSimulator.Build.0 = Release|Any CPU
		{79012CCF-BE2F-4A91-922D-FF67B52A86AA}.Release|iPhoneSimulator.Deploy.0 = Release|Any CPU
		{79012CCF-BE2F-4A91-922D-FF67B52A86AA}.Release|x64.ActiveCfg = Release|Any CPU
		{79012CCF-BE2F-4A91-922D-FF67B52A86AA}.Release|x64.Build.0 = Release|Any CPU
		{79012CCF-BE2F-4A91-922D-FF67B52A86AA}.Release|x64.Deploy.0 = Release|Any CPU
		{79012CCF-BE2F-4A91-922D-FF67B52A86AA}.Release|x86.ActiveCfg = Release|x86
		{79012CCF-BE2F-4A91-922D-FF67B52A86AA}.Release|x86.Build.0 = Release|x86
		{79012CCF-BE2F-4A91-922D-FF67B52A86AA}.Release|x86.Deploy.0 = Release|x86
		{16D6CED7-DB47-4FD4-BAE6-B218F4B31479}.Ad-Hoc|Any CPU.ActiveCfg = Release|x86
		{16D6CED7-DB47-4FD4-BAE6-B218F4B31479}.Ad-Hoc|Any CPU.Build.0 = Release|x86
		{16D6CED7-DB47-4FD4-BAE6-B218F4B31479}.Ad-Hoc|Any CPU.Deploy.0 = Release|x86
		{16D6CED7-DB47-4FD4-BAE6-B218F4B31479}.Ad-Hoc|ARM.ActiveCfg = Release|ARM
		{16D6CED7-DB47-4FD4-BAE6-B218F4B31479}.Ad-Hoc|ARM.Build.0 = Release|ARM
		{16D6CED7-DB47-4FD4-BAE6-B218F4B31479}.Ad-Hoc|ARM.Deploy.0 = Release|ARM
		{16D6CED7-DB47-4FD4-BAE6-B218F4B31479}.Ad-Hoc|iPhone.ActiveCfg = Release|x86
		{16D6CED7-DB47-4FD4-BAE6-B218F4B31479}.Ad-Hoc|iPhone.Build.0 = Release|x86
		{16D6CED7-DB47-4FD4-BAE6-B218F4B31479}.Ad-Hoc|iPhone.Deploy.0 = Release|x86
		{16D6CED7-DB47-4FD4-BAE6-B218F4B31479}.Ad-Hoc|iPhoneSimulator.ActiveCfg = Release|x86
		{16D6CED7-DB47-4FD4-BAE6-B218F4B31479}.Ad-Hoc|iPhoneSimulator.Build.0 = Release|x86
		{16D6CED7-DB47-4FD4-BAE6-B218F4B31479}.Ad-Hoc|iPhoneSimulator.Deploy.0 = Release|x86
		{16D6CED7-DB47-4FD4-BAE6-B218F4B31479}.Ad-Hoc|x64.ActiveCfg = Release|x64
		{16D6CED7-DB47-4FD4-BAE6-B218F4B31479}.Ad-Hoc|x64.Build.0 = Release|x64
		{16D6CED7-DB47-4FD4-BAE6-B218F4B31479}.Ad-Hoc|x64.Deploy.0 = Release|x64
		{16D6CED7-DB47-4FD4-BAE6-B218F4B31479}.Ad-Hoc|x86.ActiveCfg = Release|x86
		{16D6CED7-DB47-4FD4-BAE6-B218F4B31479}.Ad-Hoc|x86.Build.0 = Release|x86
		{16D6CED7-DB47-4FD4-BAE6-B218F4B31479}.Ad-Hoc|x86.Deploy.0 = Release|x86
		{16D6CED7-DB47-4FD4-BAE6-B218F4B31479}.AppStore|Any CPU.ActiveCfg = Release|x86
		{16D6CED7-DB47-4FD4-BAE6-B218F4B31479}.AppStore|Any CPU.Build.0 = Release|x86
		{16D6CED7-DB47-4FD4-BAE6-B218F4B31479}.AppStore|Any CPU.Deploy.0 = Release|x86
		{16D6CED7-DB47-4FD4-BAE6-B218F4B31479}.AppStore|ARM.ActiveCfg = Release|ARM
		{16D6CED7-DB47-4FD4-BAE6-B218F4B31479}.AppStore|ARM.Build.0 = Release|ARM
		{16D6CED7-DB47-4FD4-BAE6-B218F4B31479}.AppStore|ARM.Deploy.0 = Release|ARM
		{16D6CED7-DB47-4FD4-BAE6-B218F4B31479}.AppStore|iPhone.ActiveCfg = Release|x86
		{16D6CED7-DB47-4FD4-BAE6-B218F4B31479}.AppStore|iPhone.Build.0 = Release|x86
		{16D6CED7-DB47-4FD4-BAE6-B218F4B31479}.AppStore|iPhone.Deploy.0 = Release|x86
		{16D6CED7-DB47-4FD4-BAE6-B218F4B31479}.AppStore|iPhoneSimulator.ActiveCfg = Release|x86
		{16D6CED7-DB47-4FD4-BAE6-B218F4B31479}.AppStore|iPhoneSimulator.Build.0 = Release|x86
		{16D6CED7-DB47-4FD4-BAE6-B218F4B31479}.AppStore|iPhoneSimulator.Deploy.0 = Release|x86
		{16D6CED7-DB47-4FD4-BAE6-B218F4B31479}.AppStore|x64.ActiveCfg = Release|x64
		{16D6CED7-DB47-4FD4-BAE6-B218F4B31479}.AppStore|x64.Build.0 = Release|x64
		{16D6CED7-DB47-4FD4-BAE6-B218F4B31479}.AppStore|x64.Deploy.0 = Release|x64
		{16D6CED7-DB47-4FD4-BAE6-B218F4B31479}.AppStore|x86.ActiveCfg = Release|x86
		{16D6CED7-DB47-4FD4-BAE6-B218F4B31479}.AppStore|x86.Build.0 = Release|x86
		{16D6CED7-DB47-4FD4-BAE6-B218F4B31479}.AppStore|x86.Deploy.0 = Release|x86
		{16D6CED7-DB47-4FD4-BAE6-B218F4B31479}.Debug|Any CPU.ActiveCfg = Debug|x86
		{16D6CED7-DB47-4FD4-BAE6-B218F4B31479}.Debug|ARM.ActiveCfg = Debug|ARM
		{16D6CED7-DB47-4FD4-BAE6-B218F4B31479}.Debug|ARM.Build.0 = Debug|ARM
		{16D6CED7-DB47-4FD4-BAE6-B218F4B31479}.Debug|ARM.Deploy.0 = Debug|ARM
		{16D6CED7-DB47-4FD4-BAE6-B218F4B31479}.Debug|iPhone.ActiveCfg = Debug|x86
		{16D6CED7-DB47-4FD4-BAE6-B218F4B31479}.Debug|iPhoneSimulator.ActiveCfg = Debug|x86
		{16D6CED7-DB47-4FD4-BAE6-B218F4B31479}.Debug|x64.ActiveCfg = Debug|x64
		{16D6CED7-DB47-4FD4-BAE6-B218F4B31479}.Debug|x64.Build.0 = Debug|x64
		{16D6CED7-DB47-4FD4-BAE6-B218F4B31479}.Debug|x64.Deploy.0 = Debug|x64
		{16D6CED7-DB47-4FD4-BAE6-B218F4B31479}.Debug|x86.ActiveCfg = Debug|x86
		{16D6CED7-DB47-4FD4-BAE6-B218F4B31479}.Debug|x86.Build.0 = Debug|x86
		{16D6CED7-DB47-4FD4-BAE6-B218F4B31479}.Debug|x86.Deploy.0 = Debug|x86
		{16D6CED7-DB47-4FD4-BAE6-B218F4B31479}.Release|Any CPU.ActiveCfg = Release|x86
		{16D6CED7-DB47-4FD4-BAE6-B218F4B31479}.Release|ARM.ActiveCfg = Release|ARM
		{16D6CED7-DB47-4FD4-BAE6-B218F4B31479}.Release|ARM.Build.0 = Release|ARM
		{16D6CED7-DB47-4FD4-BAE6-B218F4B31479}.Release|ARM.Deploy.0 = Release|ARM
		{16D6CED7-DB47-4FD4-BAE6-B218F4B31479}.Release|iPhone.ActiveCfg = Release|x86
		{16D6CED7-DB47-4FD4-BAE6-B218F4B31479}.Release|iPhoneSimulator.ActiveCfg = Release|x86
		{16D6CED7-DB47-4FD4-BAE6-B218F4B31479}.Release|x64.ActiveCfg = Release|x64
		{16D6CED7-DB47-4FD4-BAE6-B218F4B31479}.Release|x64.Build.0 = Release|x64
		{16D6CED7-DB47-4FD4-BAE6-B218F4B31479}.Release|x64.Deploy.0 = Release|x64
		{16D6CED7-DB47-4FD4-BAE6-B218F4B31479}.Release|x86.ActiveCfg = Release|x86
		{16D6CED7-DB47-4FD4-BAE6-B218F4B31479}.Release|x86.Build.0 = Release|x86
		{16D6CED7-DB47-4FD4-BAE6-B218F4B31479}.Release|x86.Deploy.0 = Release|x86
		{35704E4F-72C9-40DE-AFDC-07C6611FC67D}.Ad-Hoc|Any CPU.ActiveCfg = Release|Any CPU
		{35704E4F-72C9-40DE-AFDC-07C6611FC67D}.Ad-Hoc|Any CPU.Build.0 = Release|Any CPU
		{35704E4F-72C9-40DE-AFDC-07C6611FC67D}.Ad-Hoc|Any CPU.Deploy.0 = Release|Any CPU
		{35704E4F-72C9-40DE-AFDC-07C6611FC67D}.Ad-Hoc|ARM.ActiveCfg = Release|ARM
		{35704E4F-72C9-40DE-AFDC-07C6611FC67D}.Ad-Hoc|ARM.Build.0 = Release|ARM
		{35704E4F-72C9-40DE-AFDC-07C6611FC67D}.Ad-Hoc|ARM.Deploy.0 = Release|ARM
		{35704E4F-72C9-40DE-AFDC-07C6611FC67D}.Ad-Hoc|iPhone.ActiveCfg = Release|Any CPU
		{35704E4F-72C9-40DE-AFDC-07C6611FC67D}.Ad-Hoc|iPhone.Build.0 = Release|Any CPU
		{35704E4F-72C9-40DE-AFDC-07C6611FC67D}.Ad-Hoc|iPhone.Deploy.0 = Release|Any CPU
		{35704E4F-72C9-40DE-AFDC-07C6611FC67D}.Ad-Hoc|iPhoneSimulator.ActiveCfg = Release|Any CPU
		{35704E4F-72C9-40DE-AFDC-07C6611FC67D}.Ad-Hoc|iPhoneSimulator.Build.0 = Release|Any CPU
		{35704E4F-72C9-40DE-AFDC-07C6611FC67D}.Ad-Hoc|iPhoneSimulator.Deploy.0 = Release|Any CPU
		{35704E4F-72C9-40DE-AFDC-07C6611FC67D}.Ad-Hoc|x64.ActiveCfg = Release|x64
		{35704E4F-72C9-40DE-AFDC-07C6611FC67D}.Ad-Hoc|x64.Build.0 = Release|x64
		{35704E4F-72C9-40DE-AFDC-07C6611FC67D}.Ad-Hoc|x64.Deploy.0 = Release|x64
		{35704E4F-72C9-40DE-AFDC-07C6611FC67D}.Ad-Hoc|x86.ActiveCfg = Release|x86
		{35704E4F-72C9-40DE-AFDC-07C6611FC67D}.Ad-Hoc|x86.Build.0 = Release|x86
		{35704E4F-72C9-40DE-AFDC-07C6611FC67D}.Ad-Hoc|x86.Deploy.0 = Release|x86
		{35704E4F-72C9-40DE-AFDC-07C6611FC67D}.AppStore|Any CPU.ActiveCfg = Release|Any CPU
		{35704E4F-72C9-40DE-AFDC-07C6611FC67D}.AppStore|Any CPU.Build.0 = Release|Any CPU
		{35704E4F-72C9-40DE-AFDC-07C6611FC67D}.AppStore|Any CPU.Deploy.0 = Release|Any CPU
		{35704E4F-72C9-40DE-AFDC-07C6611FC67D}.AppStore|ARM.ActiveCfg = Release|ARM
		{35704E4F-72C9-40DE-AFDC-07C6611FC67D}.AppStore|ARM.Build.0 = Release|ARM
		{35704E4F-72C9-40DE-AFDC-07C6611FC67D}.AppStore|ARM.Deploy.0 = Release|ARM
		{35704E4F-72C9-40DE-AFDC-07C6611FC67D}.AppStore|iPhone.ActiveCfg = Release|Any CPU
		{35704E4F-72C9-40DE-AFDC-07C6611FC67D}.AppStore|iPhone.Build.0 = Release|Any CPU
		{35704E4F-72C9-40DE-AFDC-07C6611FC67D}.AppStore|iPhone.Deploy.0 = Release|Any CPU
		{35704E4F-72C9-40DE-AFDC-07C6611FC67D}.AppStore|iPhoneSimulator.ActiveCfg = Release|Any CPU
		{35704E4F-72C9-40DE-AFDC-07C6611FC67D}.AppStore|iPhoneSimulator.Build.0 = Release|Any CPU
		{35704E4F-72C9-40DE-AFDC-07C6611FC67D}.AppStore|iPhoneSimulator.Deploy.0 = Release|Any CPU
		{35704E4F-72C9-40DE-AFDC-07C6611FC67D}.AppStore|x64.ActiveCfg = Release|x64
		{35704E4F-72C9-40DE-AFDC-07C6611FC67D}.AppStore|x64.Build.0 = Release|x64
		{35704E4F-72C9-40DE-AFDC-07C6611FC67D}.AppStore|x64.Deploy.0 = Release|x64
		{35704E4F-72C9-40DE-AFDC-07C6611FC67D}.AppStore|x86.ActiveCfg = Release|x86
		{35704E4F-72C9-40DE-AFDC-07C6611FC67D}.AppStore|x86.Build.0 = Release|x86
		{35704E4F-72C9-40DE-AFDC-07C6611FC67D}.AppStore|x86.Deploy.0 = Release|x86
		{35704E4F-72C9-40DE-AFDC-07C6611FC67D}.Debug|Any CPU.ActiveCfg = Debug|Any CPU
		{35704E4F-72C9-40DE-AFDC-07C6611FC67D}.Debug|Any CPU.Build.0 = Debug|Any CPU
		{35704E4F-72C9-40DE-AFDC-07C6611FC67D}.Debug|Any CPU.Deploy.0 = Debug|Any CPU
		{35704E4F-72C9-40DE-AFDC-07C6611FC67D}.Debug|ARM.ActiveCfg = Debug|ARM
		{35704E4F-72C9-40DE-AFDC-07C6611FC67D}.Debug|ARM.Build.0 = Debug|ARM
		{35704E4F-72C9-40DE-AFDC-07C6611FC67D}.Debug|ARM.Deploy.0 = Debug|ARM
		{35704E4F-72C9-40DE-AFDC-07C6611FC67D}.Debug|iPhone.ActiveCfg = Debug|Any CPU
		{35704E4F-72C9-40DE-AFDC-07C6611FC67D}.Debug|iPhone.Build.0 = Debug|Any CPU
		{35704E4F-72C9-40DE-AFDC-07C6611FC67D}.Debug|iPhone.Deploy.0 = Debug|Any CPU
		{35704E4F-72C9-40DE-AFDC-07C6611FC67D}.Debug|iPhoneSimulator.ActiveCfg = Debug|Any CPU
		{35704E4F-72C9-40DE-AFDC-07C6611FC67D}.Debug|iPhoneSimulator.Build.0 = Debug|Any CPU
		{35704E4F-72C9-40DE-AFDC-07C6611FC67D}.Debug|iPhoneSimulator.Deploy.0 = Debug|Any CPU
		{35704E4F-72C9-40DE-AFDC-07C6611FC67D}.Debug|x64.ActiveCfg = Debug|x64
		{35704E4F-72C9-40DE-AFDC-07C6611FC67D}.Debug|x64.Build.0 = Debug|x64
		{35704E4F-72C9-40DE-AFDC-07C6611FC67D}.Debug|x64.Deploy.0 = Debug|x64
		{35704E4F-72C9-40DE-AFDC-07C6611FC67D}.Debug|x86.ActiveCfg = Debug|x86
		{35704E4F-72C9-40DE-AFDC-07C6611FC67D}.Debug|x86.Build.0 = Debug|x86
		{35704E4F-72C9-40DE-AFDC-07C6611FC67D}.Debug|x86.Deploy.0 = Debug|x86
		{35704E4F-72C9-40DE-AFDC-07C6611FC67D}.Release|Any CPU.ActiveCfg = Release|Any CPU
		{35704E4F-72C9-40DE-AFDC-07C6611FC67D}.Release|Any CPU.Build.0 = Release|Any CPU
		{35704E4F-72C9-40DE-AFDC-07C6611FC67D}.Release|Any CPU.Deploy.0 = Release|Any CPU
		{35704E4F-72C9-40DE-AFDC-07C6611FC67D}.Release|ARM.ActiveCfg = Release|ARM
		{35704E4F-72C9-40DE-AFDC-07C6611FC67D}.Release|ARM.Build.0 = Release|ARM
		{35704E4F-72C9-40DE-AFDC-07C6611FC67D}.Release|ARM.Deploy.0 = Release|ARM
		{35704E4F-72C9-40DE-AFDC-07C6611FC67D}.Release|iPhone.ActiveCfg = Release|Any CPU
		{35704E4F-72C9-40DE-AFDC-07C6611FC67D}.Release|iPhone.Build.0 = Release|Any CPU
		{35704E4F-72C9-40DE-AFDC-07C6611FC67D}.Release|iPhone.Deploy.0 = Release|Any CPU
		{35704E4F-72C9-40DE-AFDC-07C6611FC67D}.Release|iPhoneSimulator.ActiveCfg = Release|Any CPU
		{35704E4F-72C9-40DE-AFDC-07C6611FC67D}.Release|iPhoneSimulator.Build.0 = Release|Any CPU
		{35704E4F-72C9-40DE-AFDC-07C6611FC67D}.Release|iPhoneSimulator.Deploy.0 = Release|Any CPU
		{35704E4F-72C9-40DE-AFDC-07C6611FC67D}.Release|x64.ActiveCfg = Release|x64
		{35704E4F-72C9-40DE-AFDC-07C6611FC67D}.Release|x64.Build.0 = Release|x64
		{35704E4F-72C9-40DE-AFDC-07C6611FC67D}.Release|x64.Deploy.0 = Release|x64
		{35704E4F-72C9-40DE-AFDC-07C6611FC67D}.Release|x86.ActiveCfg = Release|x86
		{35704E4F-72C9-40DE-AFDC-07C6611FC67D}.Release|x86.Build.0 = Release|x86
		{35704E4F-72C9-40DE-AFDC-07C6611FC67D}.Release|x86.Deploy.0 = Release|x86
		{F815C932-B2DD-4134-8648-67C3F79E3075}.Ad-Hoc|Any CPU.ActiveCfg = Release|Any CPU
		{F815C932-B2DD-4134-8648-67C3F79E3075}.Ad-Hoc|Any CPU.Build.0 = Release|Any CPU
		{F815C932-B2DD-4134-8648-67C3F79E3075}.Ad-Hoc|ARM.ActiveCfg = Release|Any CPU
		{F815C932-B2DD-4134-8648-67C3F79E3075}.Ad-Hoc|ARM.Build.0 = Release|Any CPU
		{F815C932-B2DD-4134-8648-67C3F79E3075}.Ad-Hoc|iPhone.ActiveCfg = Release|Any CPU
		{F815C932-B2DD-4134-8648-67C3F79E3075}.Ad-Hoc|iPhone.Build.0 = Release|Any CPU
		{F815C932-B2DD-4134-8648-67C3F79E3075}.Ad-Hoc|iPhoneSimulator.ActiveCfg = Release|Any CPU
		{F815C932-B2DD-4134-8648-67C3F79E3075}.Ad-Hoc|iPhoneSimulator.Build.0 = Release|Any CPU
		{F815C932-B2DD-4134-8648-67C3F79E3075}.Ad-Hoc|x64.ActiveCfg = Release|Any CPU
		{F815C932-B2DD-4134-8648-67C3F79E3075}.Ad-Hoc|x64.Build.0 = Release|Any CPU
		{F815C932-B2DD-4134-8648-67C3F79E3075}.Ad-Hoc|x86.ActiveCfg = Release|Any CPU
		{F815C932-B2DD-4134-8648-67C3F79E3075}.Ad-Hoc|x86.Build.0 = Release|Any CPU
		{F815C932-B2DD-4134-8648-67C3F79E3075}.AppStore|Any CPU.ActiveCfg = Release|Any CPU
		{F815C932-B2DD-4134-8648-67C3F79E3075}.AppStore|Any CPU.Build.0 = Release|Any CPU
		{F815C932-B2DD-4134-8648-67C3F79E3075}.AppStore|ARM.ActiveCfg = Release|Any CPU
		{F815C932-B2DD-4134-8648-67C3F79E3075}.AppStore|ARM.Build.0 = Release|Any CPU
		{F815C932-B2DD-4134-8648-67C3F79E3075}.AppStore|iPhone.ActiveCfg = Release|Any CPU
		{F815C932-B2DD-4134-8648-67C3F79E3075}.AppStore|iPhone.Build.0 = Release|Any CPU
		{F815C932-B2DD-4134-8648-67C3F79E3075}.AppStore|iPhoneSimulator.ActiveCfg = Release|Any CPU
		{F815C932-B2DD-4134-8648-67C3F79E3075}.AppStore|iPhoneSimulator.Build.0 = Release|Any CPU
		{F815C932-B2DD-4134-8648-67C3F79E3075}.AppStore|x64.ActiveCfg = Release|Any CPU
		{F815C932-B2DD-4134-8648-67C3F79E3075}.AppStore|x64.Build.0 = Release|Any CPU
		{F815C932-B2DD-4134-8648-67C3F79E3075}.AppStore|x86.ActiveCfg = Release|Any CPU
		{F815C932-B2DD-4134-8648-67C3F79E3075}.AppStore|x86.Build.0 = Release|Any CPU
		{F815C932-B2DD-4134-8648-67C3F79E3075}.Debug|Any CPU.ActiveCfg = Debug|Any CPU
		{F815C932-B2DD-4134-8648-67C3F79E3075}.Debug|Any CPU.Build.0 = Debug|Any CPU
		{F815C932-B2DD-4134-8648-67C3F79E3075}.Debug|ARM.ActiveCfg = Debug|Any CPU
		{F815C932-B2DD-4134-8648-67C3F79E3075}.Debug|ARM.Build.0 = Debug|Any CPU
		{F815C932-B2DD-4134-8648-67C3F79E3075}.Debug|iPhone.ActiveCfg = Debug|Any CPU
		{F815C932-B2DD-4134-8648-67C3F79E3075}.Debug|iPhone.Build.0 = Debug|Any CPU
		{F815C932-B2DD-4134-8648-67C3F79E3075}.Debug|iPhoneSimulator.ActiveCfg = Debug|Any CPU
		{F815C932-B2DD-4134-8648-67C3F79E3075}.Debug|iPhoneSimulator.Build.0 = Debug|Any CPU
		{F815C932-B2DD-4134-8648-67C3F79E3075}.Debug|x64.ActiveCfg = Debug|Any CPU
		{F815C932-B2DD-4134-8648-67C3F79E3075}.Debug|x64.Build.0 = Debug|Any CPU
		{F815C932-B2DD-4134-8648-67C3F79E3075}.Debug|x86.ActiveCfg = Debug|Any CPU
		{F815C932-B2DD-4134-8648-67C3F79E3075}.Debug|x86.Build.0 = Debug|Any CPU
		{F815C932-B2DD-4134-8648-67C3F79E3075}.Release|Any CPU.ActiveCfg = Release|Any CPU
		{F815C932-B2DD-4134-8648-67C3F79E3075}.Release|Any CPU.Build.0 = Release|Any CPU
		{F815C932-B2DD-4134-8648-67C3F79E3075}.Release|ARM.ActiveCfg = Release|Any CPU
		{F815C932-B2DD-4134-8648-67C3F79E3075}.Release|ARM.Build.0 = Release|Any CPU
		{F815C932-B2DD-4134-8648-67C3F79E3075}.Release|iPhone.ActiveCfg = Release|Any CPU
		{F815C932-B2DD-4134-8648-67C3F79E3075}.Release|iPhone.Build.0 = Release|Any CPU
		{F815C932-B2DD-4134-8648-67C3F79E3075}.Release|iPhoneSimulator.ActiveCfg = Release|Any CPU
		{F815C932-B2DD-4134-8648-67C3F79E3075}.Release|iPhoneSimulator.Build.0 = Release|Any CPU
		{F815C932-B2DD-4134-8648-67C3F79E3075}.Release|x64.ActiveCfg = Release|Any CPU
		{F815C932-B2DD-4134-8648-67C3F79E3075}.Release|x64.Build.0 = Release|Any CPU
		{F815C932-B2DD-4134-8648-67C3F79E3075}.Release|x86.ActiveCfg = Release|Any CPU
		{F815C932-B2DD-4134-8648-67C3F79E3075}.Release|x86.Build.0 = Release|Any CPU
	EndGlobalSection
	GlobalSection(SolutionProperties) = preSolution
		HideSolutionNode = FALSE
	EndGlobalSection
EndGlobal
